{
  "requires": true,
  "lockfileVersion": 1,
  "dependencies": {
    "basicgrid": {
      "version": "3.1.5",
      "resolved": "https://registry.npmjs.org/basicgrid/-/basicgrid-3.1.5.tgz",
      "integrity": "sha512-PK4m7zeXxfkqdMvK38aJHDKAu8B9O7SLBXiiub1HdoDxvLpU1e5VsATkC1lwuvWyPNo8oe4mL6qzxB7pT2g7xg=="
    },
    "basiclightbox": {
      "version": "5.0.4",
      "resolved": "https://registry.npmjs.org/basiclightbox/-/basiclightbox-5.0.4.tgz",
      "integrity": "sha512-EsuNWmfcFXWZOe0txKXsllYOC7bDpoaVLc4HHHlYKB/roymlZs+FBdLUU6rx2yPpnJZhulwheKdPjqr2k0+NGQ=="
    }
  }
}
